version = 1
revision = 3
requires-python = ">=3.13"

[[package]]
name = "attrs"
version = "25.3.0"
source = { registry = "https://pypi.org/simple" }
sdist = { url = "https://files.pythonhosted.org/packages/5a/b0/1367933a8532ee6ff8d63537de4f1177af4bff9f3e829baf7331f595bb24/attrs-25.3.0.tar.gz", hash = "sha256:75d7cefc7fb576747b2c81b4442d4d4a1ce0900973527c011d1030fd3bf4af1b", size = 812032, upload-time = "2025-03-13T11:10:22.779Z" }
wheels = [
    { url = "https://files.pythonhosted.org/packages/77/06/bb80f5f86020c4551da315d78b3ab75e8228f89f0162f2c3a819e407941a/attrs-25.3.0-py3-none-any.whl", hash = "sha256:427318ce031701fea540783410126f03899a97ffc6f61596ad581ac2e40e3bc3", size = 63815, upload-time = "2025-03-13T11:10:21.14Z" },
]

[[package]]
name = "ciscoconfparse2"
version = "0.8.34"
source = { registry = "https://pypi.org/simple" }
dependencies = [
    { name = "attrs" },
    { name = "dnspython" },
    { name = "hier-config" },
    { name = "hypothesis" },
    { name = "libpass" },
    { name = "loguru" },
    { name = "macaddress" },
    { name = "pyparsing" },
    { name = "pyyaml" },
    { name = "rich" },
    { name = "traitlets" },
    { name = "typeguard" },
]
sdist = { url = "https://files.pythonhosted.org/packages/4f/a0/f06058bd7bd930bca9526ee4d7dbfb09c172f3d9107d6ea953c43436985b/ciscoconfparse2-0.8.34.tar.gz", hash = "sha256:2647ec1edfa2b908fb9c1c9790a47732190e2a9cc33b075de9c72cf3fad6554f", size = 1342714, upload-time = "2025-08-17T14:43:29.037Z" }
wheels = [
    { url = "https://files.pythonhosted.org/packages/95/36/f0a9b6d0fbf5eb2c2c67e5f7393da94e4217aafd58e619790154fc95b424/ciscoconfparse2-0.8.34-py3-none-any.whl", hash = "sha256:9296696562c7d55774b61268888c2923c99403a8cdf7aca02230ed97888a3ebd", size = 424549, upload-time = "2025-08-17T14:43:27.038Z" },
]

[[package]]
name = "colorama"
version = "0.4.6"
source = { registry = "https://pypi.org/simple" }
sdist = { url = "https://files.pythonhosted.org/packages/d8/53/6f443c9a4a8358a93a6792e2acffb9d9d5cb0a5cfd8802644b7b1c9a02e4/colorama-0.4.6.tar.gz", hash = "sha256:08695f5cb7ed6e0531a20572697297273c47b8cae5a63ffc6d6ed5c201be6e44", size = 27697, upload-time = "2022-10-25T02:36:22.414Z" }
wheels = [
    { url = "https://files.pythonhosted.org/packages/d1/d6/3965ed04c63042e047cb6a3e6ed1a63a35087b6a609aa3a15ed8ac56c221/colorama-0.4.6-py2.py3-none-any.whl", hash = "sha256:4f1d9991f5acc0ca119f9d443620b77f9d6b33703e51011c16baf57afb285fc6", size = 25335, upload-time = "2022-10-25T02:36:20.889Z" },
]

[[package]]
name = "coverage"
version = "7.10.4"
source = { registry = "https://pypi.org/simple" }
sdist = { url = "https://files.pythonhosted.org/packages/d6/4e/08b493f1f1d8a5182df0044acc970799b58a8d289608e0d891a03e9d269a/coverage-7.10.4.tar.gz", hash = "sha256:25f5130af6c8e7297fd14634955ba9e1697f47143f289e2a23284177c0061d27", size = 823798, upload-time = "2025-08-17T00:26:43.314Z" }
wheels = [
    { url = "https://files.pythonhosted.org/packages/46/b0/4a3662de81f2ed792a4e425d59c4ae50d8dd1d844de252838c200beed65a/coverage-7.10.4-cp313-cp313-macosx_10_13_x86_64.whl", hash = "sha256:2b8e1d2015d5dfdbf964ecef12944c0c8c55b885bb5c0467ae8ef55e0e151233", size = 216735, upload-time = "2025-08-17T00:25:08.617Z" },
    { url = "https://files.pythonhosted.org/packages/c5/e8/e2dcffea01921bfffc6170fb4406cffb763a3b43a047bbd7923566708193/coverage-7.10.4-cp313-cp313-macosx_11_0_arm64.whl", hash = "sha256:25735c299439018d66eb2dccf54f625aceb78645687a05f9f848f6e6c751e169", size = 216982, upload-time = "2025-08-17T00:25:10.384Z" },
    { url = "https://files.pythonhosted.org/packages/9d/59/cc89bb6ac869704d2781c2f5f7957d07097c77da0e8fdd4fd50dbf2ac9c0/coverage-7.10.4-cp313-cp313-manylinux1_i686.manylinux_2_28_i686.manylinux_2_5_i686.whl", hash = "sha256:715c06cb5eceac4d9b7cdf783ce04aa495f6aff657543fea75c30215b28ddb74", size = 247981, upload-time = "2025-08-17T00:25:11.854Z" },
    { url = "https://files.pythonhosted.org/packages/aa/23/3da089aa177ceaf0d3f96754ebc1318597822e6387560914cc480086e730/coverage-7.10.4-cp313-cp313-manylinux1_x86_64.manylinux_2_28_x86_64.manylinux_2_5_x86_64.whl", hash = "sha256:e017ac69fac9aacd7df6dc464c05833e834dc5b00c914d7af9a5249fcccf07ef", size = 250584, upload-time = "2025-08-17T00:25:13.483Z" },
    { url = "https://files.pythonhosted.org/packages/ad/82/e8693c368535b4e5fad05252a366a1794d481c79ae0333ed943472fd778d/coverage-7.10.4-cp313-cp313-manylinux2014_aarch64.manylinux_2_17_aarch64.manylinux_2_28_aarch64.whl", hash = "sha256:bad180cc40b3fccb0f0e8c702d781492654ac2580d468e3ffc8065e38c6c2408", size = 251856, upload-time = "2025-08-17T00:25:15.27Z" },
    { url = "https://files.pythonhosted.org/packages/56/19/8b9cb13292e602fa4135b10a26ac4ce169a7fc7c285ff08bedd42ff6acca/coverage-7.10.4-cp313-cp313-musllinux_1_2_aarch64.whl", hash = "sha256:becbdcd14f685fada010a5f792bf0895675ecf7481304fe159f0cd3f289550bd", size = 250015, upload-time = "2025-08-17T00:25:16.759Z" },
    { url = "https://files.pythonhosted.org/packages/10/e7/e5903990ce089527cf1c4f88b702985bd65c61ac245923f1ff1257dbcc02/coverage-7.10.4-cp313-cp313-musllinux_1_2_i686.whl", hash = "sha256:0b485ca21e16a76f68060911f97ebbe3e0d891da1dbbce6af7ca1ab3f98b9097", size = 247908, upload-time = "2025-08-17T00:25:18.232Z" },
    { url = "https://files.pythonhosted.org/packages/dd/c9/7d464f116df1df7fe340669af1ddbe1a371fc60f3082ff3dc837c4f1f2ab/coverage-7.10.4-cp313-cp313-musllinux_1_2_x86_64.whl", hash = "sha256:6c1d098ccfe8e1e0a1ed9a0249138899948afd2978cbf48eb1cc3fcd38469690", size = 249525, upload-time = "2025-08-17T00:25:20.141Z" },
    { url = "https://files.pythonhosted.org/packages/ce/42/722e0cdbf6c19e7235c2020837d4e00f3b07820fd012201a983238cc3a30/coverage-7.10.4-cp313-cp313-win32.whl", hash = "sha256:8630f8af2ca84b5c367c3df907b1706621abe06d6929f5045fd628968d421e6e", size = 219173, upload-time = "2025-08-17T00:25:21.56Z" },
    { url = "https://files.pythonhosted.org/packages/97/7e/aa70366f8275955cd51fa1ed52a521c7fcebcc0fc279f53c8c1ee6006dfe/coverage-7.10.4-cp313-cp313-win_amd64.whl", hash = "sha256:f68835d31c421736be367d32f179e14ca932978293fe1b4c7a6a49b555dff5b2", size = 219969, upload-time = "2025-08-17T00:25:23.501Z" },
    { url = "https://files.pythonhosted.org/packages/ac/96/c39d92d5aad8fec28d4606556bfc92b6fee0ab51e4a548d9b49fb15a777c/coverage-7.10.4-cp313-cp313-win_arm64.whl", hash = "sha256:6eaa61ff6724ca7ebc5326d1fae062d85e19b38dd922d50903702e6078370ae7", size = 218601, upload-time = "2025-08-17T00:25:25.295Z" },
    { url = "https://files.pythonhosted.org/packages/79/13/34d549a6177bd80fa5db758cb6fd3057b7ad9296d8707d4ab7f480b0135f/coverage-7.10.4-cp313-cp313t-macosx_10_13_x86_64.whl", hash = "sha256:702978108876bfb3d997604930b05fe769462cc3000150b0e607b7b444f2fd84", size = 217445, upload-time = "2025-08-17T00:25:27.129Z" },
    { url = "https://files.pythonhosted.org/packages/6a/c0/433da866359bf39bf595f46d134ff2d6b4293aeea7f3328b6898733b0633/coverage-7.10.4-cp313-cp313t-macosx_11_0_arm64.whl", hash = "sha256:e8f978e8c5521d9c8f2086ac60d931d583fab0a16f382f6eb89453fe998e2484", size = 217676, upload-time = "2025-08-17T00:25:28.641Z" },
    { url = "https://files.pythonhosted.org/packages/7e/d7/2b99aa8737f7801fd95222c79a4ebc8c5dd4460d4bed7ef26b17a60c8d74/coverage-7.10.4-cp313-cp313t-manylinux1_i686.manylinux_2_28_i686.manylinux_2_5_i686.whl", hash = "sha256:df0ac2ccfd19351411c45e43ab60932b74472e4648b0a9edf6a3b58846e246a9", size = 259002, upload-time = "2025-08-17T00:25:30.065Z" },
    { url = "https://files.pythonhosted.org/packages/08/cf/86432b69d57debaef5abf19aae661ba8f4fcd2882fa762e14added4bd334/coverage-7.10.4-cp313-cp313t-manylinux1_x86_64.manylinux_2_28_x86_64.manylinux_2_5_x86_64.whl", hash = "sha256:73a0d1aaaa3796179f336448e1576a3de6fc95ff4f07c2d7251d4caf5d18cf8d", size = 261178, upload-time = "2025-08-17T00:25:31.517Z" },
    { url = "https://files.pythonhosted.org/packages/23/78/85176593f4aa6e869cbed7a8098da3448a50e3fac5cb2ecba57729a5220d/coverage-7.10.4-cp313-cp313t-manylinux2014_aarch64.manylinux_2_17_aarch64.manylinux_2_28_aarch64.whl", hash = "sha256:873da6d0ed6b3ffc0bc01f2c7e3ad7e2023751c0d8d86c26fe7322c314b031dc", size = 263402, upload-time = "2025-08-17T00:25:33.339Z" },
    { url = "https://files.pythonhosted.org/packages/88/1d/57a27b6789b79abcac0cc5805b31320d7a97fa20f728a6a7c562db9a3733/coverage-7.10.4-cp313-cp313t-musllinux_1_2_aarch64.whl", hash = "sha256:c6446c75b0e7dda5daa876a1c87b480b2b52affb972fedd6c22edf1aaf2e00ec", size = 260957, upload-time = "2025-08-17T00:25:34.795Z" },
    { url = "https://files.pythonhosted.org/packages/fa/e5/3e5ddfd42835c6def6cd5b2bdb3348da2e34c08d9c1211e91a49e9fd709d/coverage-7.10.4-cp313-cp313t-musllinux_1_2_i686.whl", hash = "sha256:6e73933e296634e520390c44758d553d3b573b321608118363e52113790633b9", size = 258718, upload-time = "2025-08-17T00:25:36.259Z" },
    { url = "https://files.pythonhosted.org/packages/1a/0b/d364f0f7ef111615dc4e05a6ed02cac7b6f2ac169884aa57faeae9eb5fa0/coverage-7.10.4-cp313-cp313t-musllinux_1_2_x86_64.whl", hash = "sha256:52073d4b08d2cb571234c8a71eb32af3c6923149cf644a51d5957ac128cf6aa4", size = 259848, upload-time = "2025-08-17T00:25:37.754Z" },
    { url = "https://files.pythonhosted.org/packages/10/c6/bbea60a3b309621162e53faf7fac740daaf083048ea22077418e1ecaba3f/coverage-7.10.4-cp313-cp313t-win32.whl", hash = "sha256:e24afb178f21f9ceb1aefbc73eb524769aa9b504a42b26857243f881af56880c", size = 219833, upload-time = "2025-08-17T00:25:39.252Z" },
    { url = "https://files.pythonhosted.org/packages/44/a5/f9f080d49cfb117ddffe672f21eab41bd23a46179a907820743afac7c021/coverage-7.10.4-cp313-cp313t-win_amd64.whl", hash = "sha256:be04507ff1ad206f4be3d156a674e3fb84bbb751ea1b23b142979ac9eebaa15f", size = 220897, upload-time = "2025-08-17T00:25:40.772Z" },
    { url = "https://files.pythonhosted.org/packages/46/89/49a3fc784fa73d707f603e586d84a18c2e7796707044e9d73d13260930b7/coverage-7.10.4-cp313-cp313t-win_arm64.whl", hash = "sha256:f3e3ff3f69d02b5dad67a6eac68cc9c71ae343b6328aae96e914f9f2f23a22e2", size = 219160, upload-time = "2025-08-17T00:25:42.229Z" },
    { url = "https://files.pythonhosted.org/packages/b5/22/525f84b4cbcff66024d29f6909d7ecde97223f998116d3677cfba0d115b5/coverage-7.10.4-cp314-cp314-macosx_10_13_x86_64.whl", hash = "sha256:a59fe0af7dd7211ba595cf7e2867458381f7e5d7b4cffe46274e0b2f5b9f4eb4", size = 216717, upload-time = "2025-08-17T00:25:43.875Z" },
    { url = "https://files.pythonhosted.org/packages/a6/58/213577f77efe44333a416d4bcb251471e7f64b19b5886bb515561b5ce389/coverage-7.10.4-cp314-cp314-macosx_11_0_arm64.whl", hash = "sha256:3a6c35c5b70f569ee38dc3350cd14fdd0347a8b389a18bb37538cc43e6f730e6", size = 216994, upload-time = "2025-08-17T00:25:45.405Z" },
    { url = "https://files.pythonhosted.org/packages/17/85/34ac02d0985a09472f41b609a1d7babc32df87c726c7612dc93d30679b5a/coverage-7.10.4-cp314-cp314-manylinux1_i686.manylinux_2_28_i686.manylinux_2_5_i686.whl", hash = "sha256:acb7baf49f513554c4af6ef8e2bd6e8ac74e6ea0c7386df8b3eb586d82ccccc4", size = 248038, upload-time = "2025-08-17T00:25:46.981Z" },
    { url = "https://files.pythonhosted.org/packages/47/4f/2140305ec93642fdaf988f139813629cbb6d8efa661b30a04b6f7c67c31e/coverage-7.10.4-cp314-cp314-manylinux1_x86_64.manylinux_2_28_x86_64.manylinux_2_5_x86_64.whl", hash = "sha256:a89afecec1ed12ac13ed203238b560cbfad3522bae37d91c102e690b8b1dc46c", size = 250575, upload-time = "2025-08-17T00:25:48.613Z" },
    { url = "https://files.pythonhosted.org/packages/f2/b5/41b5784180b82a083c76aeba8f2c72ea1cb789e5382157b7dc852832aea2/coverage-7.10.4-cp314-cp314-manylinux2014_aarch64.manylinux_2_17_aarch64.manylinux_2_28_aarch64.whl", hash = "sha256:480442727f464407d8ade6e677b7f21f3b96a9838ab541b9a28ce9e44123c14e", size = 251927, upload-time = "2025-08-17T00:25:50.881Z" },
    { url = "https://files.pythonhosted.org/packages/78/ca/c1dd063e50b71f5aea2ebb27a1c404e7b5ecf5714c8b5301f20e4e8831ac/coverage-7.10.4-cp314-cp314-musllinux_1_2_aarch64.whl", hash = "sha256:a89bf193707f4a17f1ed461504031074d87f035153239f16ce86dfb8f8c7ac76", size = 249930, upload-time = "2025-08-17T00:25:52.422Z" },
    { url = "https://files.pythonhosted.org/packages/8d/66/d8907408612ffee100d731798e6090aedb3ba766ecf929df296c1a7ee4fb/coverage-7.10.4-cp314-cp314-musllinux_1_2_i686.whl", hash = "sha256:3ddd912c2fc440f0fb3229e764feec85669d5d80a988ff1b336a27d73f63c818", size = 247862, upload-time = "2025-08-17T00:25:54.316Z" },
    { url = "https://files.pythonhosted.org/packages/29/db/53cd8ec8b1c9c52d8e22a25434785bfc2d1e70c0cfb4d278a1326c87f741/coverage-7.10.4-cp314-cp314-musllinux_1_2_x86_64.whl", hash = "sha256:8a538944ee3a42265e61c7298aeba9ea43f31c01271cf028f437a7b4075592cf", size = 249360, upload-time = "2025-08-17T00:25:55.833Z" },
    { url = "https://files.pythonhosted.org/packages/4f/75/5ec0a28ae4a0804124ea5a5becd2b0fa3adf30967ac656711fb5cdf67c60/coverage-7.10.4-cp314-cp314-win32.whl", hash = "sha256:fd2e6002be1c62476eb862b8514b1ba7e7684c50165f2a8d389e77da6c9a2ebd", size = 219449, upload-time = "2025-08-17T00:25:57.984Z" },
    { url = "https://files.pythonhosted.org/packages/9d/ab/66e2ee085ec60672bf5250f11101ad8143b81f24989e8c0e575d16bb1e53/coverage-7.10.4-cp314-cp314-win_amd64.whl", hash = "sha256:ec113277f2b5cf188d95fb66a65c7431f2b9192ee7e6ec9b72b30bbfb53c244a", size = 220246, upload-time = "2025-08-17T00:25:59.868Z" },
    { url = "https://files.pythonhosted.org/packages/37/3b/00b448d385f149143190846217797d730b973c3c0ec2045a7e0f5db3a7d0/coverage-7.10.4-cp314-cp314-win_arm64.whl", hash = "sha256:9744954bfd387796c6a091b50d55ca7cac3d08767795b5eec69ad0f7dbf12d38", size = 218825, upload-time = "2025-08-17T00:26:01.44Z" },
    { url = "https://files.pythonhosted.org/packages/ee/2e/55e20d3d1ce00b513efb6fd35f13899e1c6d4f76c6cbcc9851c7227cd469/coverage-7.10.4-cp314-cp314t-macosx_10_13_x86_64.whl", hash = "sha256:5af4829904dda6aabb54a23879f0f4412094ba9ef153aaa464e3c1b1c9bc98e6", size = 217462, upload-time = "2025-08-17T00:26:03.014Z" },
    { url = "https://files.pythonhosted.org/packages/47/b3/aab1260df5876f5921e2c57519e73a6f6eeacc0ae451e109d44ee747563e/coverage-7.10.4-cp314-cp314t-macosx_11_0_arm64.whl", hash = "sha256:7bba5ed85e034831fac761ae506c0644d24fd5594727e174b5a73aff343a7508", size = 217675, upload-time = "2025-08-17T00:26:04.606Z" },
    { url = "https://files.pythonhosted.org/packages/67/23/1cfe2aa50c7026180989f0bfc242168ac7c8399ccc66eb816b171e0ab05e/coverage-7.10.4-cp314-cp314t-manylinux1_i686.manylinux_2_28_i686.manylinux_2_5_i686.whl", hash = "sha256:d57d555b0719834b55ad35045de6cc80fc2b28e05adb6b03c98479f9553b387f", size = 259176, upload-time = "2025-08-17T00:26:06.159Z" },
    { url = "https://files.pythonhosted.org/packages/9d/72/5882b6aeed3f9de7fc4049874fd7d24213bf1d06882f5c754c8a682606ec/coverage-7.10.4-cp314-cp314t-manylinux1_x86_64.manylinux_2_28_x86_64.manylinux_2_5_x86_64.whl", hash = "sha256:ba62c51a72048bb1ea72db265e6bd8beaabf9809cd2125bbb5306c6ce105f214", size = 261341, upload-time = "2025-08-17T00:26:08.137Z" },
    { url = "https://files.pythonhosted.org/packages/1b/70/a0c76e3087596ae155f8e71a49c2c534c58b92aeacaf4d9d0cbbf2dde53b/coverage-7.10.4-cp314-cp314t-manylinux2014_aarch64.manylinux_2_17_aarch64.manylinux_2_28_aarch64.whl", hash = "sha256:0acf0c62a6095f07e9db4ec365cc58c0ef5babb757e54745a1aa2ea2a2564af1", size = 263600, upload-time = "2025-08-17T00:26:11.045Z" },
    { url = "https://files.pythonhosted.org/packages/cb/5f/27e4cd4505b9a3c05257fb7fc509acbc778c830c450cb4ace00bf2b7bda7/coverage-7.10.4-cp314-cp314t-musllinux_1_2_aarch64.whl", hash = "sha256:e1033bf0f763f5cf49ffe6594314b11027dcc1073ac590b415ea93463466deec", size = 261036, upload-time = "2025-08-17T00:26:12.693Z" },
    { url = "https://files.pythonhosted.org/packages/02/d6/cf2ae3a7f90ab226ea765a104c4e76c5126f73c93a92eaea41e1dc6a1892/coverage-7.10.4-cp314-cp314t-musllinux_1_2_i686.whl", hash = "sha256:92c29eff894832b6a40da1789b1f252305af921750b03ee4535919db9179453d", size = 258794, upload-time = "2025-08-17T00:26:14.261Z" },
    { url = "https://files.pythonhosted.org/packages/9e/b1/39f222eab0d78aa2001cdb7852aa1140bba632db23a5cfd832218b496d6c/coverage-7.10.4-cp314-cp314t-musllinux_1_2_x86_64.whl", hash = "sha256:822c4c830989c2093527e92acd97be4638a44eb042b1bdc0e7a278d84a070bd3", size = 259946, upload-time = "2025-08-17T00:26:15.899Z" },
    { url = "https://files.pythonhosted.org/packages/74/b2/49d82acefe2fe7c777436a3097f928c7242a842538b190f66aac01f29321/coverage-7.10.4-cp314-cp314t-win32.whl", hash = "sha256:e694d855dac2e7cf194ba33653e4ba7aad7267a802a7b3fc4347d0517d5d65cd", size = 220226, upload-time = "2025-08-17T00:26:17.566Z" },
    { url = "https://files.pythonhosted.org/packages/06/b0/afb942b6b2fc30bdbc7b05b087beae11c2b0daaa08e160586cf012b6ad70/coverage-7.10.4-cp314-cp314t-win_amd64.whl", hash = "sha256:efcc54b38ef7d5bfa98050f220b415bc5bb3d432bd6350a861cf6da0ede2cdcd", size = 221346, upload-time = "2025-08-17T00:26:19.311Z" },
    { url = "https://files.pythonhosted.org/packages/d8/66/e0531c9d1525cb6eac5b5733c76f27f3053ee92665f83f8899516fea6e76/coverage-7.10.4-cp314-cp314t-win_arm64.whl", hash = "sha256:6f3a3496c0fa26bfac4ebc458747b778cff201c8ae94fa05e1391bab0dbc473c", size = 219368, upload-time = "2025-08-17T00:26:21.011Z" },
    { url = "https://files.pythonhosted.org/packages/bb/78/983efd23200921d9edb6bd40512e1aa04af553d7d5a171e50f9b2b45d109/coverage-7.10.4-py3-none-any.whl", hash = "sha256:065d75447228d05121e5c938ca8f0e91eed60a1eb2d1258d42d5084fecfc3302", size = 208365, upload-time = "2025-08-17T00:26:41.479Z" },
]

[[package]]
name = "dnspython"
version = "2.7.0"
source = { registry = "https://pypi.org/simple" }
sdist = { url = "https://files.pythonhosted.org/packages/b5/4a/263763cb2ba3816dd94b08ad3a33d5fdae34ecb856678773cc40a3605829/dnspython-2.7.0.tar.gz", hash = "sha256:ce9c432eda0dc91cf618a5cedf1a4e142651196bbcd2c80e89ed5a907e5cfaf1", size = 345197, upload-time = "2024-10-05T20:14:59.362Z" }
wheels = [
    { url = "https://files.pythonhosted.org/packages/68/1b/e0a87d256e40e8c888847551b20a017a6b98139178505dc7ffb96f04e954/dnspython-2.7.0-py3-none-any.whl", hash = "sha256:b4c34b7d10b51bcc3a5071e7b8dee77939f1e878477eeecc965e9835f63c6c86", size = 313632, upload-time = "2024-10-05T20:14:57.687Z" },
]

[[package]]
name = "hier-config"
version = "2.3.1"
source = { registry = "https://pypi.org/simple" }
dependencies = [
    { name = "pyyaml" },
    { name = "types-pyyaml" },
]
sdist = { url = "https://files.pythonhosted.org/packages/0b/96/e7a4c4137c8f3e069471d74a45fe67ec3578e65a11b1b9974bd48bd8f108/hier_config-2.3.1.tar.gz", hash = "sha256:38f6826b35b81b5ef6b08672ad37ac1cd221630f54fba43d07d8b5b2ecc8c8be", size = 19029, upload-time = "2025-01-14T17:55:51.363Z" }
wheels = [
    { url = "https://files.pythonhosted.org/packages/aa/af/9ec084a46fefcd231eacc57dd5b269504ec474e6256222394dc71af994bb/hier_config-2.3.1-py3-none-any.whl", hash = "sha256:d0d2ef2bcf4a5908a7f90063eb1c13853f6cd5be42b38de5904cb2b56b85ffe1", size = 21841, upload-time = "2025-01-14T17:55:49.314Z" },
]

[[package]]
name = "hypothesis"
version = "6.137.2"
source = { registry = "https://pypi.org/simple" }
dependencies = [
    { name = "attrs" },
    { name = "sortedcontainers" },
]
sdist = { url = "https://files.pythonhosted.org/packages/11/33/b3a6f6e9b2a4057d387fae8b735cde811bd365e4cd820f83076bac078d16/hypothesis-6.137.2.tar.gz", hash = "sha256:e98bcf06bc0f8497e91f255b2549263283be266e8f299e9b2effd7dc075978f6", size = 461704, upload-time = "2025-08-11T05:48:35.35Z" }
wheels = [
    { url = "https://files.pythonhosted.org/packages/da/bb/0c86f14a3f37bf291b9d2e353396a73c81af8825115d609450c12541fac8/hypothesis-6.137.2-py3-none-any.whl", hash = "sha256:7258a288e9a4d1bac34a9403a6039056113b8b125e3974d88d7773cdb052164f", size = 528552, upload-time = "2025-08-11T05:48:32.155Z" },
]

[[package]]
name = "iniconfig"
version = "2.1.0"
source = { registry = "https://pypi.org/simple" }
sdist = { url = "https://files.pythonhosted.org/packages/f2/97/ebf4da567aa6827c909642694d71c9fcf53e5b504f2d96afea02718862f3/iniconfig-2.1.0.tar.gz", hash = "sha256:3abbd2e30b36733fee78f9c7f7308f2d0050e88f0087fd25c2645f63c773e1c7", size = 4793, upload-time = "2025-03-19T20:09:59.721Z" }
wheels = [
    { url = "https://files.pythonhosted.org/packages/2c/e1/e6716421ea10d38022b952c159d5161ca1193197fb744506875fbb87ea7b/iniconfig-2.1.0-py3-none-any.whl", hash = "sha256:9deba5723312380e77435581c6bf4935c94cbfab9b1ed33ef8d238ea168eb760", size = 6050, upload-time = "2025-03-19T20:10:01.071Z" },
]

[[package]]
name = "libpass"
version = "1.9.1.post0"
source = { registry = "https://pypi.org/simple" }
sdist = { url = "https://files.pythonhosted.org/packages/91/c2/10637ae3311ac98bffa2d365c9b0fb3ef6bfe4fc13997906844b13bdfc91/libpass-1.9.1.post0.tar.gz", hash = "sha256:5a4c3eb4985c6847cf046ae83c1ec1620bc157cf18714facad324650231c457e", size = 672437, upload-time = "2025-05-17T02:50:31.777Z" }
wheels = [
    { url = "https://files.pythonhosted.org/packages/bb/50/760777cbc436964ad69ee045e2b8777cafbc3e44a3f1d00613f8d32e83c9/libpass-1.9.1.post0-py3-none-any.whl", hash = "sha256:5bb794bac97042b814ab1eeb187c72a95d128cefbcee3c00c630f062c2da199c", size = 306980, upload-time = "2025-05-17T02:50:30.119Z" },
]

[[package]]
name = "loguru"
version = "0.7.3"
source = { registry = "https://pypi.org/simple" }
dependencies = [
    { name = "colorama", marker = "sys_platform == 'win32'" },
    { name = "win32-setctime", marker = "sys_platform == 'win32'" },
]
sdist = { url = "https://files.pythonhosted.org/packages/3a/05/a1dae3dffd1116099471c643b8924f5aa6524411dc6c63fdae648c4f1aca/loguru-0.7.3.tar.gz", hash = "sha256:19480589e77d47b8d85b2c827ad95d49bf31b0dcde16593892eb51dd18706eb6", size = 63559, upload-time = "2024-12-06T11:20:56.608Z" }
wheels = [
    { url = "https://files.pythonhosted.org/packages/0c/29/0348de65b8cc732daa3e33e67806420b2ae89bdce2b04af740289c5c6c8c/loguru-0.7.3-py3-none-any.whl", hash = "sha256:31a33c10c8e1e10422bfd431aeb5d351c7cf7fa671e3c4df004162264b28220c", size = 61595, upload-time = "2024-12-06T11:20:54.538Z" },
]

[[package]]
name = "macaddress"
version = "2.0.2"
source = { registry = "https://pypi.org/simple" }
sdist = { url = "https://files.pythonhosted.org/packages/dc/0f/e9b1028826cef8aa8d5f187b9fe2fd8f5b8c8ca393a11cffbcbe58f8a247/macaddress-2.0.2.tar.gz", hash = "sha256:1400ccdc28d747102d57ae61e5b78d8985872930810ceb8860cd49abd1e1fa37", size = 7927, upload-time = "2022-11-04T21:31:19.106Z" }
wheels = [
    { url = "https://files.pythonhosted.org/packages/6e/40/cfad5b515667b0465a3169757b5c9f17639dc1da145c65248e5b9fe481d8/macaddress-2.0.2-py3-none-any.whl", hash = "sha256:6f4a0430f9b5af6d98a582b8d527ba2cd3f0825fce5503a9ce5c73acb772c30f", size = 8027, upload-time = "2022-11-04T21:31:17.095Z" },
]

[[package]]
name = "markdown-it-py"
version = "4.0.0"
source = { registry = "https://pypi.org/simple" }
dependencies = [
    { name = "mdurl" },
]
sdist = { url = "https://files.pythonhosted.org/packages/5b/f5/4ec618ed16cc4f8fb3b701563655a69816155e79e24a17b651541804721d/markdown_it_py-4.0.0.tar.gz", hash = "sha256:cb0a2b4aa34f932c007117b194e945bd74e0ec24133ceb5bac59009cda1cb9f3", size = 73070, upload-time = "2025-08-11T12:57:52.854Z" }
wheels = [
    { url = "https://files.pythonhosted.org/packages/94/54/e7d793b573f298e1c9013b8c4dade17d481164aa517d1d7148619c2cedbf/markdown_it_py-4.0.0-py3-none-any.whl", hash = "sha256:87327c59b172c5011896038353a81343b6754500a08cd7a4973bb48c6d578147", size = 87321, upload-time = "2025-08-11T12:57:51.923Z" },
]

[[package]]
name = "mdurl"
version = "0.1.2"
source = { registry = "https://pypi.org/simple" }
sdist = { url = "https://files.pythonhosted.org/packages/d6/54/cfe61301667036ec958cb99bd3efefba235e65cdeb9c84d24a8293ba1d90/mdurl-0.1.2.tar.gz", hash = "sha256:bb413d29f5eea38f31dd4754dd7377d4465116fb207585f97bf925588687c1ba", size = 8729, upload-time = "2022-08-14T12:40:10.846Z" }
wheels = [
    { url = "https://files.pythonhosted.org/packages/b3/38/89ba8ad64ae25be8de66a6d463314cf1eb366222074cfda9ee839c56a4b4/mdurl-0.1.2-py3-none-any.whl", hash = "sha256:84008a41e51615a49fc9966191ff91509e3c40b939176e643fd50a5c2196b8f8", size = 9979, upload-time = "2022-08-14T12:40:09.779Z" },
]

[[package]]
name = "packaging"
version = "25.0"
source = { registry = "https://pypi.org/simple" }
sdist = { url = "https://files.pythonhosted.org/packages/a1/d4/1fc4078c65507b51b96ca8f8c3ba19e6a61c8253c72794544580a7b6c24d/packaging-25.0.tar.gz", hash = "sha256:d443872c98d677bf60f6a1f2f8c1cb748e8fe762d2bf9d3148b5599295b0fc4f", size = 165727, upload-time = "2025-04-19T11:48:59.673Z" }
wheels = [
    { url = "https://files.pythonhosted.org/packages/20/12/38679034af332785aac8774540895e234f4d07f7545804097de4b666afd8/packaging-25.0-py3-none-any.whl", hash = "sha256:29572ef2b1f17581046b3a2227d5c611fb25ec70ca1ba8554b24b0e69331a484", size = 66469, upload-time = "2025-04-19T11:48:57.875Z" },
]

[[package]]
name = "pluggy"
version = "1.6.0"
source = { registry = "https://pypi.org/simple" }
sdist = { url = "https://files.pythonhosted.org/packages/f9/e2/3e91f31a7d2b083fe6ef3fa267035b518369d9511ffab804f839851d2779/pluggy-1.6.0.tar.gz", hash = "sha256:7dcc130b76258d33b90f61b658791dede3486c3e6bfb003ee5c9bfb396dd22f3", size = 69412, upload-time = "2025-05-15T12:30:07.975Z" }
wheels = [
    { url = "https://files.pythonhosted.org/packages/54/20/4d324d65cc6d9205fabedc306948156824eb9f0ee1633355a8f7ec5c66bf/pluggy-1.6.0-py3-none-any.whl", hash = "sha256:e920276dd6813095e9377c0bc5566d94c932c33b27a3e3945d8389c374dd4746", size = 20538, upload-time = "2025-05-15T12:30:06.134Z" },
]

[[package]]
name = "py-net-conf-cisco"
version = "0.1.0"
source = { editable = "." }
dependencies = [
    { name = "ciscoconfparse2" },
]

[package.dev-dependencies]
dev = [
    { name = "pytest" },
    { name = "pytest-cov" },
    { name = "ruff" },
]

[package.metadata]
requires-dist = [{ name = "ciscoconfparse2", specifier = ">=0.8.20" }]

[package.metadata.requires-dev]
dev = [
    { name = "pytest", specifier = ">=8.4.0" },
    { name = "pytest-cov", specifier = ">=6.2.1" },
    { name = "ruff", specifier = ">=0.12.11" },
]

[[package]]
name = "pygments"
version = "2.19.2"
source = { registry = "https://pypi.org/simple" }
sdist = { url = "https://files.pythonhosted.org/packages/b0/77/a5b8c569bf593b0140bde72ea885a803b82086995367bf2037de0159d924/pygments-2.19.2.tar.gz", hash = "sha256:636cb2477cec7f8952536970bc533bc43743542f70392ae026374600add5b887", size = 4968631, upload-time = "2025-06-21T13:39:12.283Z" }
wheels = [
    { url = "https://files.pythonhosted.org/packages/c7/21/705964c7812476f378728bdf590ca4b771ec72385c533964653c68e86bdc/pygments-2.19.2-py3-none-any.whl", hash = "sha256:86540386c03d588bb81d44bc3928634ff26449851e99741617ecb9037ee5ec0b", size = 1225217, upload-time = "2025-06-21T13:39:07.939Z" },
]

[[package]]
name = "pyparsing"
version = "3.2.3"
source = { registry = "https://pypi.org/simple" }
sdist = { url = "https://files.pythonhosted.org/packages/bb/22/f1129e69d94ffff626bdb5c835506b3a5b4f3d070f17ea295e12c2c6f60f/pyparsing-3.2.3.tar.gz", hash = "sha256:b9c13f1ab8b3b542f72e28f634bad4de758ab3ce4546e4301970ad6fa77c38be", size = 1088608, upload-time = "2025-03-25T05:01:28.114Z" }
wheels = [
    { url = "https://files.pythonhosted.org/packages/05/e7/df2285f3d08fee213f2d041540fa4fc9ca6c2d44cf36d3a035bf2a8d2bcc/pyparsing-3.2.3-py3-none-any.whl", hash = "sha256:a749938e02d6fd0b59b356ca504a24982314bb090c383e3cf201c95ef7e2bfcf", size = 111120, upload-time = "2025-03-25T05:01:24.908Z" },
]

[[package]]
name = "pytest"
version = "8.4.1"
source = { registry = "https://pypi.org/simple" }
dependencies = [
    { name = "colorama", marker = "sys_platform == 'win32'" },
    { name = "iniconfig" },
    { name = "packaging" },
    { name = "pluggy" },
    { name = "pygments" },
]
sdist = { url = "https://files.pythonhosted.org/packages/08/ba/45911d754e8eba3d5a841a5ce61a65a685ff1798421ac054f85aa8747dfb/pytest-8.4.1.tar.gz", hash = "sha256:7c67fd69174877359ed9371ec3af8a3d2b04741818c51e5e99cc1742251fa93c", size = 1517714, upload-time = "2025-06-18T05:48:06.109Z" }
wheels = [
    { url = "https://files.pythonhosted.org/packages/29/16/c8a903f4c4dffe7a12843191437d7cd8e32751d5de349d45d3fe69544e87/pytest-8.4.1-py3-none-any.whl", hash = "sha256:539c70ba6fcead8e78eebbf1115e8b589e7565830d7d006a8723f19ac8a0afb7", size = 365474, upload-time = "2025-06-18T05:48:03.955Z" },
]

[[package]]
name = "pytest-cov"
version = "6.2.1"
source = { registry = "https://pypi.org/simple" }
dependencies = [
    { name = "coverage" },
    { name = "pluggy" },
    { name = "pytest" },
]
sdist = { url = "https://files.pythonhosted.org/packages/18/99/668cade231f434aaa59bbfbf49469068d2ddd945000621d3d165d2e7dd7b/pytest_cov-6.2.1.tar.gz", hash = "sha256:25cc6cc0a5358204b8108ecedc51a9b57b34cc6b8c967cc2c01a4e00d8a67da2", size = 69432, upload-time = "2025-06-12T10:47:47.684Z" }
wheels = [
    { url = "https://files.pythonhosted.org/packages/bc/16/4ea354101abb1287856baa4af2732be351c7bee728065aed451b678153fd/pytest_cov-6.2.1-py3-none-any.whl", hash = "sha256:f5bc4c23f42f1cdd23c70b1dab1bbaef4fc505ba950d53e0081d0730dd7e86d5", size = 24644, upload-time = "2025-06-12T10:47:45.932Z" },
]

[[package]]
name = "pyyaml"
version = "6.0.2"
source = { registry = "https://pypi.org/simple" }
sdist = { url = "https://files.pythonhosted.org/packages/54/ed/79a089b6be93607fa5cdaedf301d7dfb23af5f25c398d5ead2525b063e17/pyyaml-6.0.2.tar.gz", hash = "sha256:d584d9ec91ad65861cc08d42e834324ef890a082e591037abe114850ff7bbc3e", size = 130631, upload-time = "2024-08-06T20:33:50.674Z" }
wheels = [
    { url = "https://files.pythonhosted.org/packages/ef/e3/3af305b830494fa85d95f6d95ef7fa73f2ee1cc8ef5b495c7c3269fb835f/PyYAML-6.0.2-cp313-cp313-macosx_10_13_x86_64.whl", hash = "sha256:efdca5630322a10774e8e98e1af481aad470dd62c3170801852d752aa7a783ba", size = 181309, upload-time = "2024-08-06T20:32:43.4Z" },
    { url = "https://files.pythonhosted.org/packages/45/9f/3b1c20a0b7a3200524eb0076cc027a970d320bd3a6592873c85c92a08731/PyYAML-6.0.2-cp313-cp313-macosx_11_0_arm64.whl", hash = "sha256:50187695423ffe49e2deacb8cd10510bc361faac997de9efef88badc3bb9e2d1", size = 171679, upload-time = "2024-08-06T20:32:44.801Z" },
    { url = "https://files.pythonhosted.org/packages/7c/9a/337322f27005c33bcb656c655fa78325b730324c78620e8328ae28b64d0c/PyYAML-6.0.2-cp313-cp313-manylinux_2_17_aarch64.manylinux2014_aarch64.whl", hash = "sha256:0ffe8360bab4910ef1b9e87fb812d8bc0a308b0d0eef8c8f44e0254ab3b07133", size = 733428, upload-time = "2024-08-06T20:32:46.432Z" },
    { url = "https://files.pythonhosted.org/packages/a3/69/864fbe19e6c18ea3cc196cbe5d392175b4cf3d5d0ac1403ec3f2d237ebb5/PyYAML-6.0.2-cp313-cp313-manylinux_2_17_s390x.manylinux2014_s390x.whl", hash = "sha256:17e311b6c678207928d649faa7cb0d7b4c26a0ba73d41e99c4fff6b6c3276484", size = 763361, upload-time = "2024-08-06T20:32:51.188Z" },
    { url = "https://files.pythonhosted.org/packages/04/24/b7721e4845c2f162d26f50521b825fb061bc0a5afcf9a386840f23ea19fa/PyYAML-6.0.2-cp313-cp313-manylinux_2_17_x86_64.manylinux2014_x86_64.whl", hash = "sha256:70b189594dbe54f75ab3a1acec5f1e3faa7e8cf2f1e08d9b561cb41b845f69d5", size = 759523, upload-time = "2024-08-06T20:32:53.019Z" },
    { url = "https://files.pythonhosted.org/packages/2b/b2/e3234f59ba06559c6ff63c4e10baea10e5e7df868092bf9ab40e5b9c56b6/PyYAML-6.0.2-cp313-cp313-musllinux_1_1_aarch64.whl", hash = "sha256:41e4e3953a79407c794916fa277a82531dd93aad34e29c2a514c2c0c5fe971cc", size = 726660, upload-time = "2024-08-06T20:32:54.708Z" },
    { url = "https://files.pythonhosted.org/packages/fe/0f/25911a9f080464c59fab9027482f822b86bf0608957a5fcc6eaac85aa515/PyYAML-6.0.2-cp313-cp313-musllinux_1_1_x86_64.whl", hash = "sha256:68ccc6023a3400877818152ad9a1033e3db8625d899c72eacb5a668902e4d652", size = 751597, upload-time = "2024-08-06T20:32:56.985Z" },
    { url = "https://files.pythonhosted.org/packages/14/0d/e2c3b43bbce3cf6bd97c840b46088a3031085179e596d4929729d8d68270/PyYAML-6.0.2-cp313-cp313-win32.whl", hash = "sha256:bc2fa7c6b47d6bc618dd7fb02ef6fdedb1090ec036abab80d4681424b84c1183", size = 140527, upload-time = "2024-08-06T20:33:03.001Z" },
    { url = "https://files.pythonhosted.org/packages/fa/de/02b54f42487e3d3c6efb3f89428677074ca7bf43aae402517bc7cca949f3/PyYAML-6.0.2-cp313-cp313-win_amd64.whl", hash = "sha256:8388ee1976c416731879ac16da0aff3f63b286ffdd57cdeb95f3f2e085687563", size = 156446, upload-time = "2024-08-06T20:33:04.33Z" },
]

[[package]]
name = "rich"
version = "14.1.0"
source = { registry = "https://pypi.org/simple" }
dependencies = [
    { name = "markdown-it-py" },
    { name = "pygments" },
]
sdist = { url = "https://files.pythonhosted.org/packages/fe/75/af448d8e52bf1d8fa6a9d089ca6c07ff4453d86c65c145d0a300bb073b9b/rich-14.1.0.tar.gz", hash = "sha256:e497a48b844b0320d45007cdebfeaeed8db2a4f4bcf49f15e455cfc4af11eaa8", size = 224441, upload-time = "2025-07-25T07:32:58.125Z" }
wheels = [
    { url = "https://files.pythonhosted.org/packages/e3/30/3c4d035596d3cf444529e0b2953ad0466f6049528a879d27534700580395/rich-14.1.0-py3-none-any.whl", hash = "sha256:536f5f1785986d6dbdea3c75205c473f970777b4a0d6c6dd1b696aa05a3fa04f", size = 243368, upload-time = "2025-07-25T07:32:56.73Z" },
]

[[package]]
name = "ruff"
version = "0.12.11"
source = { registry = "https://pypi.org/simple" }
sdist = { url = "https://files.pythonhosted.org/packages/de/55/16ab6a7d88d93001e1ae4c34cbdcfb376652d761799459ff27c1dc20f6fa/ruff-0.12.11.tar.gz", hash = "sha256:c6b09ae8426a65bbee5425b9d0b82796dbb07cb1af045743c79bfb163001165d", size = 5347103, upload-time = "2025-08-28T13:59:08.87Z" }
wheels = [
    { url = "https://files.pythonhosted.org/packages/d6/a2/3b3573e474de39a7a475f3fbaf36a25600bfeb238e1a90392799163b64a0/ruff-0.12.11-py3-none-linux_armv6l.whl", hash = "sha256:93fce71e1cac3a8bf9200e63a38ac5c078f3b6baebffb74ba5274fb2ab276065", size = 11979885, upload-time = "2025-08-28T13:58:26.654Z" },
    { url = "https://files.pythonhosted.org/packages/76/e4/235ad6d1785a2012d3ded2350fd9bc5c5af8c6f56820e696b0118dfe7d24/ruff-0.12.11-py3-none-macosx_10_12_x86_64.whl", hash = "sha256:b8e33ac7b28c772440afa80cebb972ffd823621ded90404f29e5ab6d1e2d4b93", size = 12742364, upload-time = "2025-08-28T13:58:30.256Z" },
    { url = "https://files.pythonhosted.org/packages/2c/0d/15b72c5fe6b1e402a543aa9d8960e0a7e19dfb079f5b0b424db48b7febab/ruff-0.12.11-py3-none-macosx_11_0_arm64.whl", hash = "sha256:d69fb9d4937aa19adb2e9f058bc4fbfe986c2040acb1a4a9747734834eaa0bfd", size = 11920111, upload-time = "2025-08-28T13:58:33.677Z" },
    { url = "https://files.pythonhosted.org/packages/3e/c0/f66339d7893798ad3e17fa5a1e587d6fd9806f7c1c062b63f8b09dda6702/ruff-0.12.11-py3-none-manylinux_2_17_aarch64.manylinux2014_aarch64.whl", hash = "sha256:411954eca8464595077a93e580e2918d0a01a19317af0a72132283e28ae21bee", size = 12160060, upload-time = "2025-08-28T13:58:35.74Z" },
    { url = "https://files.pythonhosted.org/packages/03/69/9870368326db26f20c946205fb2d0008988aea552dbaec35fbacbb46efaa/ruff-0.12.11-py3-none-manylinux_2_17_armv7l.manylinux2014_armv7l.whl", hash = "sha256:6a2c0a2e1a450f387bf2c6237c727dd22191ae8c00e448e0672d624b2bbd7fb0", size = 11799848, upload-time = "2025-08-28T13:58:38.051Z" },
    { url = "https://files.pythonhosted.org/packages/25/8c/dd2c7f990e9b3a8a55eee09d4e675027d31727ce33cdb29eab32d025bdc9/ruff-0.12.11-py3-none-manylinux_2_17_i686.manylinux2014_i686.whl", hash = "sha256:8ca4c3a7f937725fd2413c0e884b5248a19369ab9bdd850b5781348ba283f644", size = 13536288, upload-time = "2025-08-28T13:58:40.046Z" },
    { url = "https://files.pythonhosted.org/packages/7a/30/d5496fa09aba59b5e01ea76775a4c8897b13055884f56f1c35a4194c2297/ruff-0.12.11-py3-none-manylinux_2_17_ppc64.manylinux2014_ppc64.whl", hash = "sha256:4d1df0098124006f6a66ecf3581a7f7e754c4df7644b2e6704cd7ca80ff95211", size = 14490633, upload-time = "2025-08-28T13:58:42.285Z" },
    { url = "https://files.pythonhosted.org/packages/9b/2f/81f998180ad53445d403c386549d6946d0748e536d58fce5b5e173511183/ruff-0.12.11-py3-none-manylinux_2_17_ppc64le.manylinux2014_ppc64le.whl", hash = "sha256:5a8dd5f230efc99a24ace3b77e3555d3fbc0343aeed3fc84c8d89e75ab2ff793", size = 13888430, upload-time = "2025-08-28T13:58:44.641Z" },
    { url = "https://files.pythonhosted.org/packages/87/71/23a0d1d5892a377478c61dbbcffe82a3476b050f38b5162171942a029ef3/ruff-0.12.11-py3-none-manylinux_2_17_s390x.manylinux2014_s390x.whl", hash = "sha256:4dc75533039d0ed04cd33fb8ca9ac9620b99672fe7ff1533b6402206901c34ee", size = 12913133, upload-time = "2025-08-28T13:58:47.039Z" },
    { url = "https://files.pythonhosted.org/packages/80/22/3c6cef96627f89b344c933781ed38329bfb87737aa438f15da95907cbfd5/ruff-0.12.11-py3-none-manylinux_2_17_x86_64.manylinux2014_x86_64.whl", hash = "sha256:4fc58f9266d62c6eccc75261a665f26b4ef64840887fc6cbc552ce5b29f96cc8", size = 13169082, upload-time = "2025-08-28T13:58:49.157Z" },
    { url = "https://files.pythonhosted.org/packages/05/b5/68b3ff96160d8b49e8dd10785ff3186be18fd650d356036a3770386e6c7f/ruff-0.12.11-py3-none-manylinux_2_31_riscv64.whl", hash = "sha256:5a0113bd6eafd545146440225fe60b4e9489f59eb5f5f107acd715ba5f0b3d2f", size = 13139490, upload-time = "2025-08-28T13:58:51.593Z" },
    { url = "https://files.pythonhosted.org/packages/59/b9/050a3278ecd558f74f7ee016fbdf10591d50119df8d5f5da45a22c6afafc/ruff-0.12.11-py3-none-musllinux_1_2_aarch64.whl", hash = "sha256:0d737b4059d66295c3ea5720e6efc152623bb83fde5444209b69cd33a53e2000", size = 11958928, upload-time = "2025-08-28T13:58:53.943Z" },
    { url = "https://files.pythonhosted.org/packages/f9/bc/93be37347db854806904a43b0493af8d6873472dfb4b4b8cbb27786eb651/ruff-0.12.11-py3-none-musllinux_1_2_armv7l.whl", hash = "sha256:916fc5defee32dbc1fc1650b576a8fed68f5e8256e2180d4d9855aea43d6aab2", size = 11764513, upload-time = "2025-08-28T13:58:55.976Z" },
    { url = "https://files.pythonhosted.org/packages/7a/a1/1471751e2015a81fd8e166cd311456c11df74c7e8769d4aabfbc7584c7ac/ruff-0.12.11-py3-none-musllinux_1_2_i686.whl", hash = "sha256:c984f07d7adb42d3ded5be894fb4007f30f82c87559438b4879fe7aa08c62b39", size = 12745154, upload-time = "2025-08-28T13:58:58.16Z" },
    { url = "https://files.pythonhosted.org/packages/68/ab/2542b14890d0f4872dd81b7b2a6aed3ac1786fae1ce9b17e11e6df9e31e3/ruff-0.12.11-py3-none-musllinux_1_2_x86_64.whl", hash = "sha256:e07fbb89f2e9249f219d88331c833860489b49cdf4b032b8e4432e9b13e8a4b9", size = 13227653, upload-time = "2025-08-28T13:59:00.276Z" },
    { url = "https://files.pythonhosted.org/packages/22/16/2fbfc61047dbfd009c58a28369a693a1484ad15441723be1cd7fe69bb679/ruff-0.12.11-py3-none-win32.whl", hash = "sha256:c792e8f597c9c756e9bcd4d87cf407a00b60af77078c96f7b6366ea2ce9ba9d3", size = 11944270, upload-time = "2025-08-28T13:59:02.347Z" },
    { url = "https://files.pythonhosted.org/packages/08/a5/34276984705bfe069cd383101c45077ee029c3fe3b28225bf67aa35f0647/ruff-0.12.11-py3-none-win_amd64.whl", hash = "sha256:a3283325960307915b6deb3576b96919ee89432ebd9c48771ca12ee8afe4a0fd", size = 13046600, upload-time = "2025-08-28T13:59:04.751Z" },
    { url = "https://files.pythonhosted.org/packages/84/a8/001d4a7c2b37623a3fd7463208267fb906df40ff31db496157549cfd6e72/ruff-0.12.11-py3-none-win_arm64.whl", hash = "sha256:bae4d6e6a2676f8fb0f98b74594a048bae1b944aab17e9f5d504062303c6dbea", size = 12135290, upload-time = "2025-08-28T13:59:06.933Z" },
]

[[package]]
name = "sortedcontainers"
version = "2.4.0"
source = { registry = "https://pypi.org/simple" }
sdist = { url = "https://files.pythonhosted.org/packages/e8/c4/ba2f8066cceb6f23394729afe52f3bf7adec04bf9ed2c820b39e19299111/sortedcontainers-2.4.0.tar.gz", hash = "sha256:25caa5a06cc30b6b83d11423433f65d1f9d76c4c6a0c90e3379eaa43b9bfdb88", size = 30594, upload-time = "2021-05-16T22:03:42.897Z" }
wheels = [
    { url = "https://files.pythonhosted.org/packages/32/46/9cb0e58b2deb7f82b84065f37f3bffeb12413f947f9388e4cac22c4621ce/sortedcontainers-2.4.0-py2.py3-none-any.whl", hash = "sha256:a163dcaede0f1c021485e957a39245190e74249897e2ae4b2aa38595db237ee0", size = 29575, upload-time = "2021-05-16T22:03:41.177Z" },
]

[[package]]
name = "traitlets"
version = "5.14.3"
source = { registry = "https://pypi.org/simple" }
sdist = { url = "https://files.pythonhosted.org/packages/eb/79/72064e6a701c2183016abbbfedaba506d81e30e232a68c9f0d6f6fcd1574/traitlets-5.14.3.tar.gz", hash = "sha256:9ed0579d3502c94b4b3732ac120375cda96f923114522847de4b3bb98b96b6b7", size = 161621, upload-time = "2024-04-19T11:11:49.746Z" }
wheels = [
    { url = "https://files.pythonhosted.org/packages/00/c0/8f5d070730d7836adc9c9b6408dec68c6ced86b304a9b26a14df072a6e8c/traitlets-5.14.3-py3-none-any.whl", hash = "sha256:b74e89e397b1ed28cc831db7aea759ba6640cb3de13090ca145426688ff1ac4f", size = 85359, upload-time = "2024-04-19T11:11:46.763Z" },
]

[[package]]
name = "typeguard"
version = "4.4.4"
source = { registry = "https://pypi.org/simple" }
dependencies = [
    { name = "typing-extensions" },
]
sdist = { url = "https://files.pythonhosted.org/packages/c7/68/71c1a15b5f65f40e91b65da23b8224dad41349894535a97f63a52e462196/typeguard-4.4.4.tar.gz", hash = "sha256:3a7fd2dffb705d4d0efaed4306a704c89b9dee850b688f060a8b1615a79e5f74", size = 75203, upload-time = "2025-06-18T09:56:07.624Z" }
wheels = [
    { url = "https://files.pythonhosted.org/packages/1b/a9/e3aee762739c1d7528da1c3e06d518503f8b6c439c35549b53735ba52ead/typeguard-4.4.4-py3-none-any.whl", hash = "sha256:b5f562281b6bfa1f5492470464730ef001646128b180769880468bd84b68b09e", size = 34874, upload-time = "2025-06-18T09:56:05.999Z" },
]

[[package]]
name = "types-pyyaml"
version = "6.0.12.20250809"
source = { registry = "https://pypi.org/simple" }
sdist = { url = "https://files.pythonhosted.org/packages/36/21/52ffdbddea3c826bc2758d811ccd7f766912de009c5cf096bd5ebba44680/types_pyyaml-6.0.12.20250809.tar.gz", hash = "sha256:af4a1aca028f18e75297da2ee0da465f799627370d74073e96fee876524f61b5", size = 17385, upload-time = "2025-08-09T03:14:34.867Z" }
wheels = [
    { url = "https://files.pythonhosted.org/packages/35/3e/0346d09d6e338401ebf406f12eaf9d0b54b315b86f1ec29e34f1a0aedae9/types_pyyaml-6.0.12.20250809-py3-none-any.whl", hash = "sha256:032b6003b798e7de1a1ddfeefee32fac6486bdfe4845e0ae0e7fb3ee4512b52f", size = 20277, upload-time = "2025-08-09T03:14:34.055Z" },
]

[[package]]
name = "typing-extensions"
version = "4.14.1"
source = { registry = "https://pypi.org/simple" }
sdist = { url = "https://files.pythonhosted.org/packages/98/5a/da40306b885cc8c09109dc2e1abd358d5684b1425678151cdaed4731c822/typing_extensions-4.14.1.tar.gz", hash = "sha256:38b39f4aeeab64884ce9f74c94263ef78f3c22467c8724005483154c26648d36", size = 107673, upload-time = "2025-07-04T13:28:34.16Z" }
wheels = [
    { url = "https://files.pythonhosted.org/packages/b5/00/d631e67a838026495268c2f6884f3711a15a9a2a96cd244fdaea53b823fb/typing_extensions-4.14.1-py3-none-any.whl", hash = "sha256:d1e1e3b58374dc93031d6eda2420a48ea44a36c2b4766a4fdeb3710755731d76", size = 43906, upload-time = "2025-07-04T13:28:32.743Z" },
]

[[package]]
name = "win32-setctime"
version = "1.2.0"
source = { registry = "https://pypi.org/simple" }
sdist = { url = "https://files.pythonhosted.org/packages/b3/8f/705086c9d734d3b663af0e9bb3d4de6578d08f46b1b101c2442fd9aecaa2/win32_setctime-1.2.0.tar.gz", hash = "sha256:ae1fdf948f5640aae05c511ade119313fb6a30d7eabe25fef9764dca5873c4c0", size = 4867, upload-time = "2024-12-07T15:28:28.314Z" }
wheels = [
    { url = "https://files.pythonhosted.org/packages/e1/07/c6fe3ad3e685340704d314d765b7912993bcb8dc198f0e7a89382d37974b/win32_setctime-1.2.0-py3-none-any.whl", hash = "sha256:95d644c4e708aba81dc3704a116d8cbc974d70b3bdb8be1d150e36be6e9d1390", size = 4083, upload-time = "2024-12-07T15:28:26.465Z" },
]
